
Microsoft Visual Studio Solution File, Format Version 12.00
# Visual Studio 15
VisualStudioVersion = 15.0.27130.2026
MinimumVisualStudioVersion = 10.0.40219.1
Project("{F184B08F-C81C-45F6-A57F-5ABD9991F28F}") = "CSS-Presentation", "CSS-Presentation\CSS-Presentation.vbproj", "{9D2A88EB-95B2-4E21-BA59-3D0591A9CCD4}"
EndProject
Global
	GlobalSection(SolutionConfigurationPlatforms) = preSolution
		Debug|Any CPU = Debug|Any CPU
		Release|Any CPU = Release|Any CPU
	EndGlobalSection
	GlobalSection(ProjectConfigurationPlatforms) = postSolution
		{9D2A88EB-95B2-4E21-BA59-3D0591A9CCD4}.Debug|Any CPU.ActiveCfg = Debug|Any CPU
		{9D2A88EB-95B2-4E21-BA59-3D0591A9CCD4}.Debug|Any CPU.Build.0 = Debug|Any CPU
		{9D2A88EB-95B2-4E21-BA59-3D0591A9CCD4}.Release|Any CPU.ActiveCfg = Release|Any CPU
		{9D2A88EB-95B2-4E21-BA59-3D0591A9CCD4}.Release|Any CPU.Build.0 = Release|Any CPU
	EndGlobalSection
	GlobalSection(SolutionProperties) = preSolution
		HideSolutionNode = FALSE
	EndGlobalSection
	GlobalSection(ExtensibilityGlobals) = postSolution
		SolutionGuid = {DA3563A3-8FA0-492D-9D85-4746533D63F4}
	EndGlobalSection
EndGlobal
