
Microsoft Visual Studio Solution File, Format Version 12.00
# Visual Studio 15
VisualStudioVersion = 15.0.27130.2026
MinimumVisualStudioVersion = 10.0.40219.1
Project("{E24C65DC-7377-472B-9ABA-BC803B73C61A}") = "ProjectWeb", "ProjectWeb\", "{8D0E71A3-2235-4D37-A544-E59D632A2B31}"
	ProjectSection(WebsiteProperties) = preProject
		TargetFrameworkMoniker = ".NETFramework,Version%3Dv4.6.1"
		Debug.AspNetCompiler.VirtualPath = "/localhost_52235"
		Debug.AspNetCompiler.PhysicalPath = "ProjectWeb\"
		Debug.AspNetCompiler.TargetPath = "PrecompiledWeb\localhost_52235\"
		Debug.AspNetCompiler.Updateable = "true"
		Debug.AspNetCompiler.ForceOverwrite = "true"
		Debug.AspNetCompiler.FixedNames = "false"
		Debug.AspNetCompiler.Debug = "True"
		Release.AspNetCompiler.VirtualPath = "/localhost_52235"
		Release.AspNetCompiler.PhysicalPath = "ProjectWeb\"
		Release.AspNetCompiler.TargetPath = "PrecompiledWeb\localhost_52235\"
		Release.AspNetCompiler.Updateable = "true"
		Release.AspNetCompiler.ForceOverwrite = "true"
		Release.AspNetCompiler.FixedNames = "false"
		Release.AspNetCompiler.Debug = "False"
		VWDPort = "52235"
		SlnRelativePath = "ProjectWeb\"
		DefaultWebSiteLanguage = "Visual Basic"
	EndProjectSection
EndProject
Global
	GlobalSection(SolutionConfigurationPlatforms) = preSolution
		Debug|Any CPU = Debug|Any CPU
	EndGlobalSection
	GlobalSection(ProjectConfigurationPlatforms) = postSolution
		{8D0E71A3-2235-4D37-A544-E59D632A2B31}.Debug|Any CPU.ActiveCfg = Debug|Any CPU
		{8D0E71A3-2235-4D37-A544-E59D632A2B31}.Debug|Any CPU.Build.0 = Debug|Any CPU
	EndGlobalSection
	GlobalSection(SolutionProperties) = preSolution
		HideSolutionNode = FALSE
	EndGlobalSection
	GlobalSection(ExtensibilityGlobals) = postSolution
		SolutionGuid = {DD37B699-2DF1-414B-B4F7-5A124010A120}
	EndGlobalSection
EndGlobal
